
Microsoft Visual Studio Solution File, Format Version 12.00
# Visual Studio 15
VisualStudioVersion = 15.0.28307.136
MinimumVisualStudioVersion = 10.0.40219.1
Project("{FAE04EC0-301F-11D3-BF4B-00C04F79EFBC}") = "TaskDistributor", "TaskDistributor\TaskDistributor.csproj", "{F4DF9893-8805-44FB-BB0C-846EE6DAE5CA}"
EndProject
Global
	GlobalSection(SolutionConfigurationPlatforms) = preSolution
		Debug|Any CPU = Debug|Any CPU
		Release|Any CPU = Release|Any CPU
	EndGlobalSection
	GlobalSection(ProjectConfigurationPlatforms) = postSolution
		{F4DF9893-8805-44FB-BB0C-846EE6DAE5CA}.Debug|Any CPU.ActiveCfg = Debug|Any CPU
		{F4DF9893-8805-44FB-BB0C-846EE6DAE5CA}.Debug|Any CPU.Build.0 = Debug|Any CPU
		{F4DF9893-8805-44FB-BB0C-846EE6DAE5CA}.Release|Any CPU.ActiveCfg = Release|Any CPU
		{F4DF9893-8805-44FB-BB0C-846EE6DAE5CA}.Release|Any CPU.Build.0 = Release|Any CPU
	EndGlobalSection
	GlobalSection(SolutionProperties) = preSolution
		HideSolutionNode = FALSE
	EndGlobalSection
	GlobalSection(ExtensibilityGlobals) = postSolution
		SolutionGuid = {ED037EF6-90E2-43B2-BD91-3A5115C6C414}
	EndGlobalSection
EndGlobal
